
Microsoft Visual Studio Solution File, Format Version 12.00
# Visual Studio Version 16
VisualStudioVersion = 16.0.29509.3
MinimumVisualStudioVersion = 15.0.26124.0
Project("{2150E333-8FDC-42A3-9474-1A3956D46DE8}") = "Solution Items", "Solution Items", "{B713D23B-6AFC-4C17-BDD7-C953495CB55C}"
	ProjectSection(SolutionItems) = preProject
		.gitignore = .gitignore
	EndProjectSection
EndProject
Project("{2150E333-8FDC-42A3-9474-1A3956D46DE8}") = "src", "src", "{EC75C947-11FC-4A48-8C6C-C270175A5BF9}"
EndProject
Project("{9A19103F-16F7-4668-BE54-9A1E7A4F7556}") = "MBaumann.CodingGames.AdventOfCode2019", "src\MBaumann.CodingGames.AdventOfCode2019\MBaumann.CodingGames.AdventOfCode2019.csproj", "{2BDC869B-0447-437B-8C92-3B814118BAB1}"
EndProject
Project("{2150E333-8FDC-42A3-9474-1A3956D46DE8}") = "test", "test", "{147C687E-C7EC-4DBA-985B-4CDEFD360451}"
EndProject
Project("{9A19103F-16F7-4668-BE54-9A1E7A4F7556}") = "MBaumann.CodingGames.AdventOfCode2019.Tests", "test\MBaumann.CodingGames.AdventOfCode2019.Tests\MBaumann.CodingGames.AdventOfCode2019.Tests.csproj", "{32BC5F95-D641-4DF9-9F34-19C903F5444D}"
EndProject
Project("{FAE04EC0-301F-11D3-BF4B-00C04F79EFBC}") = "MBaumann.CommonTools", "src\MBaumann.CommonTools\MBaumann.CommonTools.csproj", "{3C7D5A8F-90F7-46A2-AF05-011971C7E94B}"
EndProject
Project("{FAE04EC0-301F-11D3-BF4B-00C04F79EFBC}") = "MBaumann.CommonTools.Tests", "test\MBaumann.CommonTools.Tests\MBaumann.CommonTools.Tests.csproj", "{2960A97E-3FCA-450E-9B7C-103F5D25E25E}"
EndProject
Project("{2150E333-8FDC-42A3-9474-1A3956D46DE8}") = "AdventOfCode", "AdventOfCode", "{6CEB2897-AA9F-48B6-AACE-0110178DFC09}"
EndProject
Project("{2150E333-8FDC-42A3-9474-1A3956D46DE8}") = "Common", "Common", "{5094C3E2-47A3-42F4-943A-8B3AB21832B2}"
EndProject
Project("{FAE04EC0-301F-11D3-BF4B-00C04F79EFBC}") = "MBaumann.CodingGames", "src\MBaumann.CodingGames\MBaumann.CodingGames.csproj", "{C9CFCC85-7DA6-4868-8A9F-9C6343018A7A}"
EndProject
Project("{FAE04EC0-301F-11D3-BF4B-00C04F79EFBC}") = "MBaumann.CodingGames.Common", "src\MBaumann.CodingGames.Common\MBaumann.CodingGames.Common.csproj", "{A650BCE9-BFA2-465D-97A3-DCCA77D1696C}"
EndProject
Global
	GlobalSection(SolutionConfigurationPlatforms) = preSolution
		Debug|Any CPU = Debug|Any CPU
		Debug|x64 = Debug|x64
		Debug|x86 = Debug|x86
		Release|Any CPU = Release|Any CPU
		Release|x64 = Release|x64
		Release|x86 = Release|x86
	EndGlobalSection
	GlobalSection(ProjectConfigurationPlatforms) = postSolution
		{2BDC869B-0447-437B-8C92-3B814118BAB1}.Debug|Any CPU.ActiveCfg = Debug|Any CPU
		{2BDC869B-0447-437B-8C92-3B814118BAB1}.Debug|Any CPU.Build.0 = Debug|Any CPU
		{2BDC869B-0447-437B-8C92-3B814118BAB1}.Debug|x64.ActiveCfg = Debug|Any CPU
		{2BDC869B-0447-437B-8C92-3B814118BAB1}.Debug|x64.Build.0 = Debug|Any CPU
		{2BDC869B-0447-437B-8C92-3B814118BAB1}.Debug|x86.ActiveCfg = Debug|Any CPU
		{2BDC869B-0447-437B-8C92-3B814118BAB1}.Debug|x86.Build.0 = Debug|Any CPU
		{2BDC869B-0447-437B-8C92-3B814118BAB1}.Release|Any CPU.ActiveCfg = Release|Any CPU
		{2BDC869B-0447-437B-8C92-3B814118BAB1}.Release|Any CPU.Build.0 = Release|Any CPU
		{2BDC869B-0447-437B-8C92-3B814118BAB1}.Release|x64.ActiveCfg = Release|Any CPU
		{2BDC869B-0447-437B-8C92-3B814118BAB1}.Release|x64.Build.0 = Release|Any CPU
		{2BDC869B-0447-437B-8C92-3B814118BAB1}.Release|x86.ActiveCfg = Release|Any CPU
		{2BDC869B-0447-437B-8C92-3B814118BAB1}.Release|x86.Build.0 = Release|Any CPU
		{32BC5F95-D641-4DF9-9F34-19C903F5444D}.Debug|Any CPU.ActiveCfg = Debug|Any CPU
		{32BC5F95-D641-4DF9-9F34-19C903F5444D}.Debug|Any CPU.Build.0 = Debug|Any CPU
		{32BC5F95-D641-4DF9-9F34-19C903F5444D}.Debug|x64.ActiveCfg = Debug|Any CPU
		{32BC5F95-D641-4DF9-9F34-19C903F5444D}.Debug|x64.Build.0 = Debug|Any CPU
		{32BC5F95-D641-4DF9-9F34-19C903F5444D}.Debug|x86.ActiveCfg = Debug|Any CPU
		{32BC5F95-D641-4DF9-9F34-19C903F5444D}.Debug|x86.Build.0 = Debug|Any CPU
		{32BC5F95-D641-4DF9-9F34-19C903F5444D}.Release|Any CPU.ActiveCfg = Release|Any CPU
		{32BC5F95-D641-4DF9-9F34-19C903F5444D}.Release|Any CPU.Build.0 = Release|Any CPU
		{32BC5F95-D641-4DF9-9F34-19C903F5444D}.Release|x64.ActiveCfg = Release|Any CPU
		{32BC5F95-D641-4DF9-9F34-19C903F5444D}.Release|x64.Build.0 = Release|Any CPU
		{32BC5F95-D641-4DF9-9F34-19C903F5444D}.Release|x86.ActiveCfg = Release|Any CPU
		{32BC5F95-D641-4DF9-9F34-19C903F5444D}.Release|x86.Build.0 = Release|Any CPU
		{3C7D5A8F-90F7-46A2-AF05-011971C7E94B}.Debug|Any CPU.ActiveCfg = Debug|Any CPU
		{3C7D5A8F-90F7-46A2-AF05-011971C7E94B}.Debug|Any CPU.Build.0 = Debug|Any CPU
		{3C7D5A8F-90F7-46A2-AF05-011971C7E94B}.Debug|x64.ActiveCfg = Debug|Any CPU
		{3C7D5A8F-90F7-46A2-AF05-011971C7E94B}.Debug|x64.Build.0 = Debug|Any CPU
		{3C7D5A8F-90F7-46A2-AF05-011971C7E94B}.Debug|x86.ActiveCfg = Debug|Any CPU
		{3C7D5A8F-90F7-46A2-AF05-011971C7E94B}.Debug|x86.Build.0 = Debug|Any CPU
		{3C7D5A8F-90F7-46A2-AF05-011971C7E94B}.Release|Any CPU.ActiveCfg = Release|Any CPU
		{3C7D5A8F-90F7-46A2-AF05-011971C7E94B}.Release|Any CPU.Build.0 = Release|Any CPU
		{3C7D5A8F-90F7-46A2-AF05-011971C7E94B}.Release|x64.ActiveCfg = Release|Any CPU
		{3C7D5A8F-90F7-46A2-AF05-011971C7E94B}.Release|x64.Build.0 = Release|Any CPU
		{3C7D5A8F-90F7-46A2-AF05-011971C7E94B}.Release|x86.ActiveCfg = Release|Any CPU
		{3C7D5A8F-90F7-46A2-AF05-011971C7E94B}.Release|x86.Build.0 = Release|Any CPU
		{2960A97E-3FCA-450E-9B7C-103F5D25E25E}.Debug|Any CPU.ActiveCfg = Debug|Any CPU
		{2960A97E-3FCA-450E-9B7C-103F5D25E25E}.Debug|Any CPU.Build.0 = Debug|Any CPU
		{2960A97E-3FCA-450E-9B7C-103F5D25E25E}.Debug|x64.ActiveCfg = Debug|Any CPU
		{2960A97E-3FCA-450E-9B7C-103F5D25E25E}.Debug|x64.Build.0 = Debug|Any CPU
		{2960A97E-3FCA-450E-9B7C-103F5D25E25E}.Debug|x86.ActiveCfg = Debug|Any CPU
		{2960A97E-3FCA-450E-9B7C-103F5D25E25E}.Debug|x86.Build.0 = Debug|Any CPU
		{2960A97E-3FCA-450E-9B7C-103F5D25E25E}.Release|Any CPU.ActiveCfg = Release|Any CPU
		{2960A97E-3FCA-450E-9B7C-103F5D25E25E}.Release|Any CPU.Build.0 = Release|Any CPU
		{2960A97E-3FCA-450E-9B7C-103F5D25E25E}.Release|x64.ActiveCfg = Release|Any CPU
		{2960A97E-3FCA-450E-9B7C-103F5D25E25E}.Release|x64.Build.0 = Release|Any CPU
		{2960A97E-3FCA-450E-9B7C-103F5D25E25E}.Release|x86.ActiveCfg = Release|Any CPU
		{2960A97E-3FCA-450E-9B7C-103F5D25E25E}.Release|x86.Build.0 = Release|Any CPU
		{C9CFCC85-7DA6-4868-8A9F-9C6343018A7A}.Debug|Any CPU.ActiveCfg = Debug|Any CPU
		{C9CFCC85-7DA6-4868-8A9F-9C6343018A7A}.Debug|Any CPU.Build.0 = Debug|Any CPU
		{C9CFCC85-7DA6-4868-8A9F-9C6343018A7A}.Debug|x64.ActiveCfg = Debug|Any CPU
		{C9CFCC85-7DA6-4868-8A9F-9C6343018A7A}.Debug|x64.Build.0 = Debug|Any CPU
		{C9CFCC85-7DA6-4868-8A9F-9C6343018A7A}.Debug|x86.ActiveCfg = Debug|Any CPU
		{C9CFCC85-7DA6-4868-8A9F-9C6343018A7A}.Debug|x86.Build.0 = Debug|Any CPU
		{C9CFCC85-7DA6-4868-8A9F-9C6343018A7A}.Release|Any CPU.ActiveCfg = Release|Any CPU
		{C9CFCC85-7DA6-4868-8A9F-9C6343018A7A}.Release|Any CPU.Build.0 = Release|Any CPU
		{C9CFCC85-7DA6-4868-8A9F-9C6343018A7A}.Release|x64.ActiveCfg = Release|Any CPU
		{C9CFCC85-7DA6-4868-8A9F-9C6343018A7A}.Release|x64.Build.0 = Release|Any CPU
		{C9CFCC85-7DA6-4868-8A9F-9C6343018A7A}.Release|x86.ActiveCfg = Release|Any CPU
		{C9CFCC85-7DA6-4868-8A9F-9C6343018A7A}.Release|x86.Build.0 = Release|Any CPU
		{A650BCE9-BFA2-465D-97A3-DCCA77D1696C}.Debug|Any CPU.ActiveCfg = Debug|Any CPU
		{A650BCE9-BFA2-465D-97A3-DCCA77D1696C}.Debug|Any CPU.Build.0 = Debug|Any CPU
		{A650BCE9-BFA2-465D-97A3-DCCA77D1696C}.Debug|x64.ActiveCfg = Debug|Any CPU
		{A650BCE9-BFA2-465D-97A3-DCCA77D1696C}.Debug|x64.Build.0 = Debug|Any CPU
		{A650BCE9-BFA2-465D-97A3-DCCA77D1696C}.Debug|x86.ActiveCfg = Debug|Any CPU
		{A650BCE9-BFA2-465D-97A3-DCCA77D1696C}.Debug|x86.Build.0 = Debug|Any CPU
		{A650BCE9-BFA2-465D-97A3-DCCA77D1696C}.Release|Any CPU.ActiveCfg = Release|Any CPU
		{A650BCE9-BFA2-465D-97A3-DCCA77D1696C}.Release|Any CPU.Build.0 = Release|Any CPU
		{A650BCE9-BFA2-465D-97A3-DCCA77D1696C}.Release|x64.ActiveCfg = Release|Any CPU
		{A650BCE9-BFA2-465D-97A3-DCCA77D1696C}.Release|x64.Build.0 = Release|Any CPU
		{A650BCE9-BFA2-465D-97A3-DCCA77D1696C}.Release|x86.ActiveCfg = Release|Any CPU
		{A650BCE9-BFA2-465D-97A3-DCCA77D1696C}.Release|x86.Build.0 = Release|Any CPU
	EndGlobalSection
	GlobalSection(SolutionProperties) = preSolution
		HideSolutionNode = FALSE
	EndGlobalSection
	GlobalSection(NestedProjects) = preSolution
		{2BDC869B-0447-437B-8C92-3B814118BAB1} = {6CEB2897-AA9F-48B6-AACE-0110178DFC09}
		{32BC5F95-D641-4DF9-9F34-19C903F5444D} = {147C687E-C7EC-4DBA-985B-4CDEFD360451}
		{3C7D5A8F-90F7-46A2-AF05-011971C7E94B} = {5094C3E2-47A3-42F4-943A-8B3AB21832B2}
		{2960A97E-3FCA-450E-9B7C-103F5D25E25E} = {147C687E-C7EC-4DBA-985B-4CDEFD360451}
		{6CEB2897-AA9F-48B6-AACE-0110178DFC09} = {EC75C947-11FC-4A48-8C6C-C270175A5BF9}
		{5094C3E2-47A3-42F4-943A-8B3AB21832B2} = {EC75C947-11FC-4A48-8C6C-C270175A5BF9}
		{C9CFCC85-7DA6-4868-8A9F-9C6343018A7A} = {EC75C947-11FC-4A48-8C6C-C270175A5BF9}
		{A650BCE9-BFA2-465D-97A3-DCCA77D1696C} = {5094C3E2-47A3-42F4-943A-8B3AB21832B2}
	EndGlobalSection
	GlobalSection(ExtensibilityGlobals) = postSolution
		SolutionGuid = {251AA332-CD42-4A71-8BDE-2672061D4BD3}
	EndGlobalSection
EndGlobal
